// !$*UTF8*$!
{
	archiveVersion = 1;
	classes = {
	};
	objectVersion = 55;
	objects = {

/* Begin PBXBuildFile section */
		A101F0342767630C005FDD57 /* FollowerListVC.swift in Sources */ = {isa = PBXBuildFile; fileRef = A101F0332767630C005FDD57 /* FollowerListVC.swift */; };
		A101F03627681078005FDD57 /* GFTitleLabel.swift in Sources */ = {isa = PBXBuildFile; fileRef = A101F03527681078005FDD57 /* GFTitleLabel.swift */; };
		A101F03827681292005FDD57 /* GFBodyLabel.swift in Sources */ = {isa = PBXBuildFile; fileRef = A101F03727681292005FDD57 /* GFBodyLabel.swift */; };
		A101F03A276813AC005FDD57 /* GFAlertVC.swift in Sources */ = {isa = PBXBuildFile; fileRef = A101F039276813AC005FDD57 /* GFAlertVC.swift */; };
		A1777EC52751A6E90023A20B /* AppDelegate.swift in Sources */ = {isa = PBXBuildFile; fileRef = A1777EC42751A6E90023A20B /* AppDelegate.swift */; };
		A1777EC72751A6E90023A20B /* SceneDelegate.swift in Sources */ = {isa = PBXBuildFile; fileRef = A1777EC62751A6E90023A20B /* SceneDelegate.swift */; };
		A1777ECE2751A6EB0023A20B /* Assets.xcassets in Resources */ = {isa = PBXBuildFile; fileRef = A1777ECD2751A6EB0023A20B /* Assets.xcassets */; };
		A1777ED12751A6EB0023A20B /* LaunchScreen.storyboard in Resources */ = {isa = PBXBuildFile; fileRef = A1777ECF2751A6EB0023A20B /* LaunchScreen.storyboard */; };
		A1777EDC2751A6EC0023A20B /* FollowersTests.swift in Sources */ = {isa = PBXBuildFile; fileRef = A1777EDB2751A6EC0023A20B /* FollowersTests.swift */; };
		A1777EE62751A6EC0023A20B /* FollowersUITests.swift in Sources */ = {isa = PBXBuildFile; fileRef = A1777EE52751A6EC0023A20B /* FollowersUITests.swift */; };
		A1777EE82751A6EC0023A20B /* FollowersUITestsLaunchTests.swift in Sources */ = {isa = PBXBuildFile; fileRef = A1777EE72751A6EC0023A20B /* FollowersUITestsLaunchTests.swift */; };
		A1777EF9275544D00023A20B /* SearchVC.swift in Sources */ = {isa = PBXBuildFile; fileRef = A1777EF8275544D00023A20B /* SearchVC.swift */; };
		A1777EFB2755451E0023A20B /* FavoritesListVC.swift in Sources */ = {isa = PBXBuildFile; fileRef = A1777EFA2755451E0023A20B /* FavoritesListVC.swift */; };
		A1777EFD275550DA0023A20B /* GFButton.swift in Sources */ = {isa = PBXBuildFile; fileRef = A1777EFC275550DA0023A20B /* GFButton.swift */; };
		A1777EFF275554BA0023A20B /* GFTextField.swift in Sources */ = {isa = PBXBuildFile; fileRef = A1777EFE275554BA0023A20B /* GFTextField.swift */; };
		A17A566228CC2E5D003DF63D /* FollowerCell.swift in Sources */ = {isa = PBXBuildFile; fileRef = A17A566128CC2E5D003DF63D /* FollowerCell.swift */; };
		A17A566428CC2EEF003DF63D /* GFAvatarImageView.swift in Sources */ = {isa = PBXBuildFile; fileRef = A17A566328CC2EEF003DF63D /* GFAvatarImageView.swift */; };
		A17A566628CC4C9B003DF63D /* UIHelper.swift in Sources */ = {isa = PBXBuildFile; fileRef = A17A566528CC4C9B003DF63D /* UIHelper.swift */; };
		A17A566E28CDA4EB003DF63D /* GFEmptyStateView.swift in Sources */ = {isa = PBXBuildFile; fileRef = A17A566D28CDA4EB003DF63D /* GFEmptyStateView.swift */; };
		A17C728B28C9424E003F28AF /* NetworkManager.swift in Sources */ = {isa = PBXBuildFile; fileRef = A17C728A28C9424E003F28AF /* NetworkManager.swift */; };
		A17C728E28C9518D003F28AF /* GFError.swift in Sources */ = {isa = PBXBuildFile; fileRef = A17C728D28C9518D003F28AF /* GFError.swift */; };
		A1BA61D8278AB1E700EFFFC3 /* UIViewController+Ext.swift in Sources */ = {isa = PBXBuildFile; fileRef = A1BA61D7278AB1E700EFFFC3 /* UIViewController+Ext.swift */; };
		A1BA61DF278BCDC400EFFFC3 /* Follower.swift in Sources */ = {isa = PBXBuildFile; fileRef = A1BA61DE278BCDC400EFFFC3 /* Follower.swift */; };
		A1BA61E1278BD04500EFFFC3 /* User.swift in Sources */ = {isa = PBXBuildFile; fileRef = A1BA61E0278BD04500EFFFC3 /* User.swift */; };
		A1F69BA628CEED9C0058E0CA /* UserInfoVC.swift in Sources */ = {isa = PBXBuildFile; fileRef = A1F69BA528CEED9B0058E0CA /* UserInfoVC.swift */; };
		A1F69BA828CEFE200058E0CA /* GFUserInfoHeaderVC.swift in Sources */ = {isa = PBXBuildFile; fileRef = A1F69BA728CEFE200058E0CA /* GFUserInfoHeaderVC.swift */; };
		A1F69BAA28CEFF1B0058E0CA /* GFSecondaryTitleLable.swift in Sources */ = {isa = PBXBuildFile; fileRef = A1F69BA928CEFF1B0058E0CA /* GFSecondaryTitleLable.swift */; };
		A1F69BAC28CF056B0058E0CA /* Constans.swift in Sources */ = {isa = PBXBuildFile; fileRef = A1F69BAB28CF056B0058E0CA /* Constans.swift */; };
		A1F69BAE28D1AF770058E0CA /* GFItemInfoView.swift in Sources */ = {isa = PBXBuildFile; fileRef = A1F69BAD28D1AF770058E0CA /* GFItemInfoView.swift */; };
		A1F69BB028D1B3E80058E0CA /* GFItemInfoVC.swift in Sources */ = {isa = PBXBuildFile; fileRef = A1F69BAF28D1B3E80058E0CA /* GFItemInfoVC.swift */; };
		A1F69BB228D1B7AC0058E0CA /* GFRepoItemVC.swift in Sources */ = {isa = PBXBuildFile; fileRef = A1F69BB128D1B7AC0058E0CA /* GFRepoItemVC.swift */; };
		A1F69BB428D1B9940058E0CA /* GFFollowerItemVC.swift in Sources */ = {isa = PBXBuildFile; fileRef = A1F69BB328D1B9940058E0CA /* GFFollowerItemVC.swift */; };
		A1F69BB728D1BCC80058E0CA /* Date+Ext.swift in Sources */ = {isa = PBXBuildFile; fileRef = A1F69BB628D1BCC80058E0CA /* Date+Ext.swift */; };
		A1F69BB928D1BCE40058E0CA /* String+Ext.swift in Sources */ = {isa = PBXBuildFile; fileRef = A1F69BB828D1BCE40058E0CA /* String+Ext.swift */; };
		A1F69BBB28D2F2EC0058E0CA /* PersitenceManager.swift in Sources */ = {isa = PBXBuildFile; fileRef = A1F69BBA28D2F2EC0058E0CA /* PersitenceManager.swift */; };
		A1F69BBD28D300FE0058E0CA /* FavoriteCell.swift in Sources */ = {isa = PBXBuildFile; fileRef = A1F69BBC28D300FE0058E0CA /* FavoriteCell.swift */; };
/* End PBXBuildFile section */

/* Begin PBXContainerItemProxy section */
		A1777ED82751A6EC0023A20B /* PBXContainerItemProxy */ = {
			isa = PBXContainerItemProxy;
			containerPortal = A1777EB92751A6E90023A20B /* Project object */;
			proxyType = 1;
			remoteGlobalIDString = A1777EC02751A6E90023A20B;
			remoteInfo = Followers;
		};
		A1777EE22751A6EC0023A20B /* PBXContainerItemProxy */ = {
			isa = PBXContainerItemProxy;
			containerPortal = A1777EB92751A6E90023A20B /* Project object */;
			proxyType = 1;
			remoteGlobalIDString = A1777EC02751A6E90023A20B;
			remoteInfo = Followers;
		};
/* End PBXContainerItemProxy section */

/* Begin PBXFileReference section */
		A101F0332767630C005FDD57 /* FollowerListVC.swift */ = {isa = PBXFileReference; lastKnownFileType = sourcecode.swift; path = FollowerListVC.swift; sourceTree = "<group>"; };
		A101F03527681078005FDD57 /* GFTitleLabel.swift */ = {isa = PBXFileReference; lastKnownFileType = sourcecode.swift; path = GFTitleLabel.swift; sourceTree = "<group>"; };
		A101F03727681292005FDD57 /* GFBodyLabel.swift */ = {isa = PBXFileReference; lastKnownFileType = sourcecode.swift; path = GFBodyLabel.swift; sourceTree = "<group>"; };
		A101F039276813AC005FDD57 /* GFAlertVC.swift */ = {isa = PBXFileReference; lastKnownFileType = sourcecode.swift; path = GFAlertVC.swift; sourceTree = "<group>"; };
		A1777EC12751A6E90023A20B /* Followers.app */ = {isa = PBXFileReference; explicitFileType = wrapper.application; includeInIndex = 0; path = Followers.app; sourceTree = BUILT_PRODUCTS_DIR; };
		A1777EC42751A6E90023A20B /* AppDelegate.swift */ = {isa = PBXFileReference; lastKnownFileType = sourcecode.swift; path = AppDelegate.swift; sourceTree = "<group>"; };
		A1777EC62751A6E90023A20B /* SceneDelegate.swift */ = {isa = PBXFileReference; lastKnownFileType = sourcecode.swift; path = SceneDelegate.swift; sourceTree = "<group>"; };
		A1777ECD2751A6EB0023A20B /* Assets.xcassets */ = {isa = PBXFileReference; lastKnownFileType = folder.assetcatalog; path = Assets.xcassets; sourceTree = "<group>"; };
		A1777ED02751A6EB0023A20B /* Base */ = {isa = PBXFileReference; lastKnownFileType = file.storyboard; name = Base; path = Base.lproj/LaunchScreen.storyboard; sourceTree = "<group>"; };
		A1777ED22751A6EB0023A20B /* Info.plist */ = {isa = PBXFileReference; lastKnownFileType = text.plist.xml; path = Info.plist; sourceTree = "<group>"; };
		A1777ED72751A6EC0023A20B /* FollowersTests.xctest */ = {isa = PBXFileReference; explicitFileType = wrapper.cfbundle; includeInIndex = 0; path = FollowersTests.xctest; sourceTree = BUILT_PRODUCTS_DIR; };
		A1777EDB2751A6EC0023A20B /* FollowersTests.swift */ = {isa = PBXFileReference; lastKnownFileType = sourcecode.swift; path = FollowersTests.swift; sourceTree = "<group>"; };
		A1777EE12751A6EC0023A20B /* FollowersUITests.xctest */ = {isa = PBXFileReference; explicitFileType = wrapper.cfbundle; includeInIndex = 0; path = FollowersUITests.xctest; sourceTree = BUILT_PRODUCTS_DIR; };
		A1777EE52751A6EC0023A20B /* FollowersUITests.swift */ = {isa = PBXFileReference; lastKnownFileType = sourcecode.swift; path = FollowersUITests.swift; sourceTree = "<group>"; };
		A1777EE72751A6EC0023A20B /* FollowersUITestsLaunchTests.swift */ = {isa = PBXFileReference; lastKnownFileType = sourcecode.swift; path = FollowersUITestsLaunchTests.swift; sourceTree = "<group>"; };
		A1777EF8275544D00023A20B /* SearchVC.swift */ = {isa = PBXFileReference; lastKnownFileType = sourcecode.swift; path = SearchVC.swift; sourceTree = "<group>"; };
		A1777EFA2755451E0023A20B /* FavoritesListVC.swift */ = {isa = PBXFileReference; lastKnownFileType = sourcecode.swift; path = FavoritesListVC.swift; sourceTree = "<group>"; };
		A1777EFC275550DA0023A20B /* GFButton.swift */ = {isa = PBXFileReference; lastKnownFileType = sourcecode.swift; path = GFButton.swift; sourceTree = "<group>"; };
		A1777EFE275554BA0023A20B /* GFTextField.swift */ = {isa = PBXFileReference; lastKnownFileType = sourcecode.swift; path = GFTextField.swift; sourceTree = "<group>"; };
		A17A566128CC2E5D003DF63D /* FollowerCell.swift */ = {isa = PBXFileReference; lastKnownFileType = sourcecode.swift; path = FollowerCell.swift; sourceTree = "<group>"; };
		A17A566328CC2EEF003DF63D /* GFAvatarImageView.swift */ = {isa = PBXFileReference; lastKnownFileType = sourcecode.swift; path = GFAvatarImageView.swift; sourceTree = "<group>"; };
		A17A566528CC4C9B003DF63D /* UIHelper.swift */ = {isa = PBXFileReference; lastKnownFileType = sourcecode.swift; path = UIHelper.swift; sourceTree = "<group>"; };
		A17A566D28CDA4EB003DF63D /* GFEmptyStateView.swift */ = {isa = PBXFileReference; lastKnownFileType = sourcecode.swift; path = GFEmptyStateView.swift; sourceTree = "<group>"; };
		A17C728A28C9424E003F28AF /* NetworkManager.swift */ = {isa = PBXFileReference; lastKnownFileType = sourcecode.swift; path = NetworkManager.swift; sourceTree = "<group>"; };
		A17C728D28C9518D003F28AF /* GFError.swift */ = {isa = PBXFileReference; lastKnownFileType = sourcecode.swift; path = GFError.swift; sourceTree = "<group>"; };
		A1BA61D7278AB1E700EFFFC3 /* UIViewController+Ext.swift */ = {isa = PBXFileReference; lastKnownFileType = sourcecode.swift; path = "UIViewController+Ext.swift"; sourceTree = "<group>"; };
		A1BA61DE278BCDC400EFFFC3 /* Follower.swift */ = {isa = PBXFileReference; lastKnownFileType = sourcecode.swift; path = Follower.swift; sourceTree = "<group>"; };
		A1BA61E0278BD04500EFFFC3 /* User.swift */ = {isa = PBXFileReference; lastKnownFileType = sourcecode.swift; path = User.swift; sourceTree = "<group>"; };
		A1F69BA528CEED9B0058E0CA /* UserInfoVC.swift */ = {isa = PBXFileReference; lastKnownFileType = sourcecode.swift; path = UserInfoVC.swift; sourceTree = "<group>"; };
		A1F69BA728CEFE200058E0CA /* GFUserInfoHeaderVC.swift */ = {isa = PBXFileReference; lastKnownFileType = sourcecode.swift; path = GFUserInfoHeaderVC.swift; sourceTree = "<group>"; };
		A1F69BA928CEFF1B0058E0CA /* GFSecondaryTitleLable.swift */ = {isa = PBXFileReference; lastKnownFileType = sourcecode.swift; path = GFSecondaryTitleLable.swift; sourceTree = "<group>"; };
		A1F69BAB28CF056B0058E0CA /* Constans.swift */ = {isa = PBXFileReference; lastKnownFileType = sourcecode.swift; path = Constans.swift; sourceTree = "<group>"; };
		A1F69BAD28D1AF770058E0CA /* GFItemInfoView.swift */ = {isa = PBXFileReference; lastKnownFileType = sourcecode.swift; path = GFItemInfoView.swift; sourceTree = "<group>"; };
		A1F69BAF28D1B3E80058E0CA /* GFItemInfoVC.swift */ = {isa = PBXFileReference; lastKnownFileType = sourcecode.swift; path = GFItemInfoVC.swift; sourceTree = "<group>"; };
		A1F69BB128D1B7AC0058E0CA /* GFRepoItemVC.swift */ = {isa = PBXFileReference; lastKnownFileType = sourcecode.swift; path = GFRepoItemVC.swift; sourceTree = "<group>"; };
		A1F69BB328D1B9940058E0CA /* GFFollowerItemVC.swift */ = {isa = PBXFileReference; lastKnownFileType = sourcecode.swift; path = GFFollowerItemVC.swift; sourceTree = "<group>"; };
		A1F69BB628D1BCC80058E0CA /* Date+Ext.swift */ = {isa = PBXFileReference; lastKnownFileType = sourcecode.swift; path = "Date+Ext.swift"; sourceTree = "<group>"; };
		A1F69BB828D1BCE40058E0CA /* String+Ext.swift */ = {isa = PBXFileReference; lastKnownFileType = sourcecode.swift; path = "String+Ext.swift"; sourceTree = "<group>"; };
		A1F69BBA28D2F2EC0058E0CA /* PersitenceManager.swift */ = {isa = PBXFileReference; lastKnownFileType = sourcecode.swift; path = PersitenceManager.swift; sourceTree = "<group>"; };
		A1F69BBC28D300FE0058E0CA /* FavoriteCell.swift */ = {isa = PBXFileReference; lastKnownFileType = sourcecode.swift; path = FavoriteCell.swift; sourceTree = "<group>"; };
/* End PBXFileReference section */

/* Begin PBXFrameworksBuildPhase section */
		A1777EBE2751A6E90023A20B /* Frameworks */ = {
			isa = PBXFrameworksBuildPhase;
			buildActionMask = 2147483647;
			files = (
			);
			runOnlyForDeploymentPostprocessing = 0;
		};
		A1777ED42751A6EC0023A20B /* Frameworks */ = {
			isa = PBXFrameworksBuildPhase;
			buildActionMask = 2147483647;
			files = (
			);
			runOnlyForDeploymentPostprocessing = 0;
		};
		A1777EDE2751A6EC0023A20B /* Frameworks */ = {
			isa = PBXFrameworksBuildPhase;
			buildActionMask = 2147483647;
			files = (
			);
			runOnlyForDeploymentPostprocessing = 0;
		};
/* End PBXFrameworksBuildPhase section */

/* Begin PBXGroup section */
		A1777EB82751A6E90023A20B = {
			isa = PBXGroup;
			children = (
				A1777EC32751A6E90023A20B /* Followers */,
				A1777EDA2751A6EC0023A20B /* FollowersTests */,
				A1777EE42751A6EC0023A20B /* FollowersUITests */,
				A1777EC22751A6E90023A20B /* Products */,
			);
			sourceTree = "<group>";
		};
		A1777EC22751A6E90023A20B /* Products */ = {
			isa = PBXGroup;
			children = (
				A1777EC12751A6E90023A20B /* Followers.app */,
				A1777ED72751A6EC0023A20B /* FollowersTests.xctest */,
				A1777EE12751A6EC0023A20B /* FollowersUITests.xctest */,
			);
			name = Products;
			sourceTree = "<group>";
		};
		A1777EC32751A6E90023A20B /* Followers */ = {
			isa = PBXGroup;
			children = (
				A17C728C28C95174003F28AF /* Utilities */,
				A17C728928C94223003F28AF /* Managers */,
				A1777ED22751A6EB0023A20B /* Info.plist */,
				A1BA61DD278BC4A100EFFFC3 /* Model */,
				A1BA61DC278BC2CD00EFFFC3 /* Support */,
				A1BA61DB278BC25F00EFFFC3 /* Extensions */,
				A1BA61DA278BC22E00EFFFC3 /* Custom Views */,
				A1BA61D9278BC1DD00EFFFC3 /* Screens */,
			);
			path = Followers;
			sourceTree = "<group>";
		};
		A1777EDA2751A6EC0023A20B /* FollowersTests */ = {
			isa = PBXGroup;
			children = (
				A1777EDB2751A6EC0023A20B /* FollowersTests.swift */,
			);
			path = FollowersTests;
			sourceTree = "<group>";
		};
		A1777EE42751A6EC0023A20B /* FollowersUITests */ = {
			isa = PBXGroup;
			children = (
				A1777EE52751A6EC0023A20B /* FollowersUITests.swift */,
				A1777EE72751A6EC0023A20B /* FollowersUITestsLaunchTests.swift */,
			);
			path = FollowersUITests;
			sourceTree = "<group>";
		};
		A17A566028CC2E2C003DF63D /* Cells */ = {
			isa = PBXGroup;
			children = (
				A17A566128CC2E5D003DF63D /* FollowerCell.swift */,
				A1F69BBC28D300FE0058E0CA /* FavoriteCell.swift */,
			);
			path = Cells;
			sourceTree = "<group>";
		};
		A17A566728CDA47A003DF63D /* Views */ = {
			isa = PBXGroup;
			children = (
				A17A566D28CDA4EB003DF63D /* GFEmptyStateView.swift */,
				A1F69BAD28D1AF770058E0CA /* GFItemInfoView.swift */,
			);
			path = Views;
			sourceTree = "<group>";
		};
		A17A566828CDA47F003DF63D /* Buttons */ = {
			isa = PBXGroup;
			children = (
				A1777EFC275550DA0023A20B /* GFButton.swift */,
			);
			path = Buttons;
			sourceTree = "<group>";
		};
		A17A566928CDA485003DF63D /* ImageViews */ = {
			isa = PBXGroup;
			children = (
				A17A566328CC2EEF003DF63D /* GFAvatarImageView.swift */,
			);
			path = ImageViews;
			sourceTree = "<group>";
		};
		A17A566A28CDA491003DF63D /* TextFields */ = {
			isa = PBXGroup;
			children = (
				A1777EFE275554BA0023A20B /* GFTextField.swift */,
			);
			path = TextFields;
			sourceTree = "<group>";
		};
		A17A566B28CDA49B003DF63D /* ViewControllers */ = {
			isa = PBXGroup;
			children = (
				A1F69BB528D1B9E80058E0CA /* ItemInfoVC */,
				A101F039276813AC005FDD57 /* GFAlertVC.swift */,
				A1F69BA728CEFE200058E0CA /* GFUserInfoHeaderVC.swift */,
			);
			path = ViewControllers;
			sourceTree = "<group>";
		};
		A17A566C28CDA4B9003DF63D /* Labels */ = {
			isa = PBXGroup;
			children = (
				A101F03527681078005FDD57 /* GFTitleLabel.swift */,
				A101F03727681292005FDD57 /* GFBodyLabel.swift */,
				A1F69BA928CEFF1B0058E0CA /* GFSecondaryTitleLable.swift */,
			);
			path = Labels;
			sourceTree = "<group>";
		};
		A17C728928C94223003F28AF /* Managers */ = {
			isa = PBXGroup;
			children = (
				A17C728A28C9424E003F28AF /* NetworkManager.swift */,
				A1F69BBA28D2F2EC0058E0CA /* PersitenceManager.swift */,
			);
			path = Managers;
			sourceTree = "<group>";
		};
		A17C728C28C95174003F28AF /* Utilities */ = {
			isa = PBXGroup;
			children = (
				A17C728D28C9518D003F28AF /* GFError.swift */,
				A17A566528CC4C9B003DF63D /* UIHelper.swift */,
				A1F69BAB28CF056B0058E0CA /* Constans.swift */,
			);
			path = Utilities;
			sourceTree = "<group>";
		};
		A1BA61D9278BC1DD00EFFFC3 /* Screens */ = {
			isa = PBXGroup;
			children = (
				A1777EF8275544D00023A20B /* SearchVC.swift */,
				A101F0332767630C005FDD57 /* FollowerListVC.swift */,
				A1F69BA528CEED9B0058E0CA /* UserInfoVC.swift */,
				A1777EFA2755451E0023A20B /* FavoritesListVC.swift */,
			);
			path = Screens;
			sourceTree = "<group>";
		};
		A1BA61DA278BC22E00EFFFC3 /* Custom Views */ = {
			isa = PBXGroup;
			children = (
				A17A566C28CDA4B9003DF63D /* Labels */,
				A17A566B28CDA49B003DF63D /* ViewControllers */,
				A17A566A28CDA491003DF63D /* TextFields */,
				A17A566928CDA485003DF63D /* ImageViews */,
				A17A566828CDA47F003DF63D /* Buttons */,
				A17A566728CDA47A003DF63D /* Views */,
				A17A566028CC2E2C003DF63D /* Cells */,
			);
			path = "Custom Views";
			sourceTree = "<group>";
		};
		A1BA61DB278BC25F00EFFFC3 /* Extensions */ = {
			isa = PBXGroup;
			children = (
				A1BA61D7278AB1E700EFFFC3 /* UIViewController+Ext.swift */,
				A1F69BB628D1BCC80058E0CA /* Date+Ext.swift */,
				A1F69BB828D1BCE40058E0CA /* String+Ext.swift */,
			);
			path = Extensions;
			sourceTree = "<group>";
		};
		A1BA61DC278BC2CD00EFFFC3 /* Support */ = {
			isa = PBXGroup;
			children = (
				A1777EC42751A6E90023A20B /* AppDelegate.swift */,
				A1777EC62751A6E90023A20B /* SceneDelegate.swift */,
				A1777ECD2751A6EB0023A20B /* Assets.xcassets */,
				A1777ECF2751A6EB0023A20B /* LaunchScreen.storyboard */,
			);
			path = Support;
			sourceTree = "<group>";
		};
		A1BA61DD278BC4A100EFFFC3 /* Model */ = {
			isa = PBXGroup;
			children = (
				A1BA61DE278BCDC400EFFFC3 /* Follower.swift */,
				A1BA61E0278BD04500EFFFC3 /* User.swift */,
			);
			path = Model;
			sourceTree = "<group>";
		};
		A1F69BB528D1B9E80058E0CA /* ItemInfoVC */ = {
			isa = PBXGroup;
			children = (
				A1F69BAF28D1B3E80058E0CA /* GFItemInfoVC.swift */,
				A1F69BB128D1B7AC0058E0CA /* GFRepoItemVC.swift */,
				A1F69BB328D1B9940058E0CA /* GFFollowerItemVC.swift */,
			);
			path = ItemInfoVC;
			sourceTree = "<group>";
		};
/* End PBXGroup section */

/* Begin PBXNativeTarget section */
		A1777EC02751A6E90023A20B /* Followers */ = {
			isa = PBXNativeTarget;
			buildConfigurationList = A1777EEB2751A6EC0023A20B /* Build configuration list for PBXNativeTarget "Followers" */;
			buildPhases = (
				A1777EBD2751A6E90023A20B /* Sources */,
				A1777EBE2751A6E90023A20B /* Frameworks */,
				A1777EBF2751A6E90023A20B /* Resources */,
			);
			buildRules = (
			);
			dependencies = (
			);
			name = Followers;
			productName = Followers;
			productReference = A1777EC12751A6E90023A20B /* Followers.app */;
			productType = "com.apple.product-type.application";
		};
		A1777ED62751A6EC0023A20B /* FollowersTests */ = {
			isa = PBXNativeTarget;
			buildConfigurationList = A1777EEE2751A6EC0023A20B /* Build configuration list for PBXNativeTarget "FollowersTests" */;
			buildPhases = (
				A1777ED32751A6EC0023A20B /* Sources */,
				A1777ED42751A6EC0023A20B /* Frameworks */,
				A1777ED52751A6EC0023A20B /* Resources */,
			);
			buildRules = (
			);
			dependencies = (
				A1777ED92751A6EC0023A20B /* PBXTargetDependency */,
			);
			name = FollowersTests;
			productName = FollowersTests;
			productReference = A1777ED72751A6EC0023A20B /* FollowersTests.xctest */;
			productType = "com.apple.product-type.bundle.unit-test";
		};
		A1777EE02751A6EC0023A20B /* FollowersUITests */ = {
			isa = PBXNativeTarget;
			buildConfigurationList = A1777EF12751A6EC0023A20B /* Build configuration list for PBXNativeTarget "FollowersUITests" */;
			buildPhases = (
				A1777EDD2751A6EC0023A20B /* Sources */,
				A1777EDE2751A6EC0023A20B /* Frameworks */,
				A1777EDF2751A6EC0023A20B /* Resources */,
			);
			buildRules = (
			);
			dependencies = (
				A1777EE32751A6EC0023A20B /* PBXTargetDependency */,
			);
			name = FollowersUITests;
			productName = FollowersUITests;
			productReference = A1777EE12751A6EC0023A20B /* FollowersUITests.xctest */;
			productType = "com.apple.product-type.bundle.ui-testing";
		};
/* End PBXNativeTarget section */

/* Begin PBXProject section */
		A1777EB92751A6E90023A20B /* Project object */ = {
			isa = PBXProject;
			attributes = {
				BuildIndependentTargetsInParallel = 1;
				LastSwiftUpdateCheck = 1310;
				LastUpgradeCheck = 1310;
				TargetAttributes = {
					A1777EC02751A6E90023A20B = {
						CreatedOnToolsVersion = 13.1;
					};
					A1777ED62751A6EC0023A20B = {
						CreatedOnToolsVersion = 13.1;
						TestTargetID = A1777EC02751A6E90023A20B;
					};
					A1777EE02751A6EC0023A20B = {
						CreatedOnToolsVersion = 13.1;
						TestTargetID = A1777EC02751A6E90023A20B;
					};
				};
			};
			buildConfigurationList = A1777EBC2751A6E90023A20B /* Build configuration list for PBXProject "Followers" */;
			compatibilityVersion = "Xcode 13.0";
			developmentRegion = en;
			hasScannedForEncodings = 0;
			knownRegions = (
				en,
				Base,
			);
			mainGroup = A1777EB82751A6E90023A20B;
			productRefGroup = A1777EC22751A6E90023A20B /* Products */;
			projectDirPath = "";
			projectRoot = "";
			targets = (
				A1777EC02751A6E90023A20B /* Followers */,
				A1777ED62751A6EC0023A20B /* FollowersTests */,
				A1777EE02751A6EC0023A20B /* FollowersUITests */,
			);
		};
/* End PBXProject section */

/* Begin PBXResourcesBuildPhase section */
		A1777EBF2751A6E90023A20B /* Resources */ = {
			isa = PBXResourcesBuildPhase;
			buildActionMask = 2147483647;
			files = (
				A1777ED12751A6EB0023A20B /* LaunchScreen.storyboard in Resources */,
				A1777ECE2751A6EB0023A20B /* Assets.xcassets in Resources */,
			);
			runOnlyForDeploymentPostprocessing = 0;
		};
		A1777ED52751A6EC0023A20B /* Resources */ = {
			isa = PBXResourcesBuildPhase;
			buildActionMask = 2147483647;
			files = (
			);
			runOnlyForDeploymentPostprocessing = 0;
		};
		A1777EDF2751A6EC0023A20B /* Resources */ = {
			isa = PBXResourcesBuildPhase;
			buildActionMask = 2147483647;
			files = (
			);
			runOnlyForDeploymentPostprocessing = 0;
		};
/* End PBXResourcesBuildPhase section */

/* Begin PBXSourcesBuildPhase section */
		A1777EBD2751A6E90023A20B /* Sources */ = {
			isa = PBXSourcesBuildPhase;
			buildActionMask = 2147483647;
			files = (
				A1BA61E1278BD04500EFFFC3 /* User.swift in Sources */,
				A1777EFF275554BA0023A20B /* GFTextField.swift in Sources */,
				A1777EFB2755451E0023A20B /* FavoritesListVC.swift in Sources */,
				A1F69BB928D1BCE40058E0CA /* String+Ext.swift in Sources */,
				A1777EFD275550DA0023A20B /* GFButton.swift in Sources */,
				A1BA61DF278BCDC400EFFFC3 /* Follower.swift in Sources */,
				A17A566628CC4C9B003DF63D /* UIHelper.swift in Sources */,
				A1F69BB028D1B3E80058E0CA /* GFItemInfoVC.swift in Sources */,
				A17A566428CC2EEF003DF63D /* GFAvatarImageView.swift in Sources */,
				A1BA61D8278AB1E700EFFFC3 /* UIViewController+Ext.swift in Sources */,
				A1777EF9275544D00023A20B /* SearchVC.swift in Sources */,
				A1F69BAA28CEFF1B0058E0CA /* GFSecondaryTitleLable.swift in Sources */,
				A1F69BB428D1B9940058E0CA /* GFFollowerItemVC.swift in Sources */,
				A1F69BAE28D1AF770058E0CA /* GFItemInfoView.swift in Sources */,
				A1F69BBD28D300FE0058E0CA /* FavoriteCell.swift in Sources */,
				A17A566228CC2E5D003DF63D /* FollowerCell.swift in Sources */,
				A17C728E28C9518D003F28AF /* GFError.swift in Sources */,
				A101F03A276813AC005FDD57 /* GFAlertVC.swift in Sources */,
				A101F03827681292005FDD57 /* GFBodyLabel.swift in Sources */,
				A101F03627681078005FDD57 /* GFTitleLabel.swift in Sources */,
				A17A566E28CDA4EB003DF63D /* GFEmptyStateView.swift in Sources */,
				A1F69BB728D1BCC80058E0CA /* Date+Ext.swift in Sources */,
				A1F69BBB28D2F2EC0058E0CA /* PersitenceManager.swift in Sources */,
				A17C728B28C9424E003F28AF /* NetworkManager.swift in Sources */,
				A101F0342767630C005FDD57 /* FollowerListVC.swift in Sources */,
				A1F69BAC28CF056B0058E0CA /* Constans.swift in Sources */,
				A1777EC52751A6E90023A20B /* AppDelegate.swift in Sources */,
				A1777EC72751A6E90023A20B /* SceneDelegate.swift in Sources */,
				A1F69BA828CEFE200058E0CA /* GFUserInfoHeaderVC.swift in Sources */,
				A1F69BB228D1B7AC0058E0CA /* GFRepoItemVC.swift in Sources */,
				A1F69BA628CEED9C0058E0CA /* UserInfoVC.swift in Sources */,
			);
			runOnlyForDeploymentPostprocessing = 0;
		};
		A1777ED32751A6EC0023A20B /* Sources */ = {
			isa = PBXSourcesBuildPhase;
			buildActionMask = 2147483647;
			files = (
				A1777EDC2751A6EC0023A20B /* FollowersTests.swift in Sources */,
			);
			runOnlyForDeploymentPostprocessing = 0;
		};
		A1777EDD2751A6EC0023A20B /* Sources */ = {
			isa = PBXSourcesBuildPhase;
			buildActionMask = 2147483647;
			files = (
				A1777EE82751A6EC0023A20B /* FollowersUITestsLaunchTests.swift in Sources */,
				A1777EE62751A6EC0023A20B /* FollowersUITests.swift in Sources */,
			);
			runOnlyForDeploymentPostprocessing = 0;
		};
/* End PBXSourcesBuildPhase section */

/* Begin PBXTargetDependency section */
		A1777ED92751A6EC0023A20B /* PBXTargetDependency */ = {
			isa = PBXTargetDependency;
			target = A1777EC02751A6E90023A20B /* Followers */;
			targetProxy = A1777ED82751A6EC0023A20B /* PBXContainerItemProxy */;
		};
		A1777EE32751A6EC0023A20B /* PBXTargetDependency */ = {
			isa = PBXTargetDependency;
			target = A1777EC02751A6E90023A20B /* Followers */;
			targetProxy = A1777EE22751A6EC0023A20B /* PBXContainerItemProxy */;
		};
/* End PBXTargetDependency section */

/* Begin PBXVariantGroup section */
		A1777ECF2751A6EB0023A20B /* LaunchScreen.storyboard */ = {
			isa = PBXVariantGroup;
			children = (
				A1777ED02751A6EB0023A20B /* Base */,
			);
			name = LaunchScreen.storyboard;
			sourceTree = "<group>";
		};
/* End PBXVariantGroup section */

/* Begin XCBuildConfiguration section */
		A1777EE92751A6EC0023A20B /* Debug */ = {
			isa = XCBuildConfiguration;
			buildSettings = {
				ALWAYS_SEARCH_USER_PATHS = NO;
				CLANG_ANALYZER_NONNULL = YES;
				CLANG_ANALYZER_NUMBER_OBJECT_CONVERSION = YES_AGGRESSIVE;
				CLANG_CXX_LANGUAGE_STANDARD = "gnu++17";
				CLANG_CXX_LIBRARY = "libc++";
				CLANG_ENABLE_MODULES = YES;
				CLANG_ENABLE_OBJC_ARC = YES;
				CLANG_ENABLE_OBJC_WEAK = YES;
				CLANG_WARN_BLOCK_CAPTURE_AUTORELEASING = YES;
				CLANG_WARN_BOOL_CONVERSION = YES;
				CLANG_WARN_COMMA = YES;
				CLANG_WARN_CONSTANT_CONVERSION = YES;
				CLANG_WARN_DEPRECATED_OBJC_IMPLEMENTATIONS = YES;
				CLANG_WARN_DIRECT_OBJC_ISA_USAGE = YES_ERROR;
				CLANG_WARN_DOCUMENTATION_COMMENTS = YES;
				CLANG_WARN_EMPTY_BODY = YES;
				CLANG_WARN_ENUM_CONVERSION = YES;
				CLANG_WARN_INFINITE_RECURSION = YES;
				CLANG_WARN_INT_CONVERSION = YES;
				CLANG_WARN_NON_LITERAL_NULL_CONVERSION = YES;
				CLANG_WARN_OBJC_IMPLICIT_RETAIN_SELF = YES;
				CLANG_WARN_OBJC_LITERAL_CONVERSION = YES;
				CLANG_WARN_OBJC_ROOT_CLASS = YES_ERROR;
				CLANG_WARN_QUOTED_INCLUDE_IN_FRAMEWORK_HEADER = YES;
				CLANG_WARN_RANGE_LOOP_ANALYSIS = YES;
				CLANG_WARN_STRICT_PROTOTYPES = YES;
				CLANG_WARN_SUSPICIOUS_MOVE = YES;
				CLANG_WARN_UNGUARDED_AVAILABILITY = YES_AGGRESSIVE;
				CLANG_WARN_UNREACHABLE_CODE = YES;
				CLANG_WARN__DUPLICATE_METHOD_MATCH = YES;
				COPY_PHASE_STRIP = NO;
				DEBUG_INFORMATION_FORMAT = dwarf;
				ENABLE_STRICT_OBJC_MSGSEND = YES;
				ENABLE_TESTABILITY = YES;
				GCC_C_LANGUAGE_STANDARD = gnu11;
				GCC_DYNAMIC_NO_PIC = NO;
				GCC_NO_COMMON_BLOCKS = YES;
				GCC_OPTIMIZATION_LEVEL = 0;
				GCC_PREPROCESSOR_DEFINITIONS = (
					"DEBUG=1",
					"$(inherited)",
				);
				GCC_WARN_64_TO_32_BIT_CONVERSION = YES;
				GCC_WARN_ABOUT_RETURN_TYPE = YES_ERROR;
				GCC_WARN_UNDECLARED_SELECTOR = YES;
				GCC_WARN_UNINITIALIZED_AUTOS = YES_AGGRESSIVE;
				GCC_WARN_UNUSED_FUNCTION = YES;
				GCC_WARN_UNUSED_VARIABLE = YES;
				IPHONEOS_DEPLOYMENT_TARGET = 15.0;
				MTL_ENABLE_DEBUG_INFO = INCLUDE_SOURCE;
				MTL_FAST_MATH = YES;
				ONLY_ACTIVE_ARCH = YES;
				SDKROOT = iphoneos;
				SWIFT_ACTIVE_COMPILATION_CONDITIONS = DEBUG;
				SWIFT_OPTIMIZATION_LEVEL = "-Onone";
			};
			name = Debug;
		};
		A1777EEA2751A6EC0023A20B /* Release */ = {
			isa = XCBuildConfiguration;
			buildSettings = {
				ALWAYS_SEARCH_USER_PATHS = NO;
				CLANG_ANALYZER_NONNULL = YES;
				CLANG_ANALYZER_NUMBER_OBJECT_CONVERSION = YES_AGGRESSIVE;
				CLANG_CXX_LANGUAGE_STANDARD = "gnu++17";
				CLANG_CXX_LIBRARY = "libc++";
				CLANG_ENABLE_MODULES = YES;
				CLANG_ENABLE_OBJC_ARC = YES;
				CLANG_ENABLE_OBJC_WEAK = YES;
				CLANG_WARN_BLOCK_CAPTURE_AUTORELEASING = YES;
				CLANG_WARN_BOOL_CONVERSION = YES;
				CLANG_WARN_COMMA = YES;
				CLANG_WARN_CONSTANT_CONVERSION = YES;
				CLANG_WARN_DEPRECATED_OBJC_IMPLEMENTATIONS = YES;
				CLANG_WARN_DIRECT_OBJC_ISA_USAGE = YES_ERROR;
				CLANG_WARN_DOCUMENTATION_COMMENTS = YES;
				CLANG_WARN_EMPTY_BODY = YES;
				CLANG_WARN_ENUM_CONVERSION = YES;
				CLANG_WARN_INFINITE_RECURSION = YES;
				CLANG_WARN_INT_CONVERSION = YES;
				CLANG_WARN_NON_LITERAL_NULL_CONVERSION = YES;
				CLANG_WARN_OBJC_IMPLICIT_RETAIN_SELF = YES;
				CLANG_WARN_OBJC_LITERAL_CONVERSION = YES;
				CLANG_WARN_OBJC_ROOT_CLASS = YES_ERROR;
				CLANG_WARN_QUOTED_INCLUDE_IN_FRAMEWORK_HEADER = YES;
				CLANG_WARN_RANGE_LOOP_ANALYSIS = YES;
				CLANG_WARN_STRICT_PROTOTYPES = YES;
				CLANG_WARN_SUSPICIOUS_MOVE = YES;
				CLANG_WARN_UNGUARDED_AVAILABILITY = YES_AGGRESSIVE;
				CLANG_WARN_UNREACHABLE_CODE = YES;
				CLANG_WARN__DUPLICATE_METHOD_MATCH = YES;
				COPY_PHASE_STRIP = NO;
				DEBUG_INFORMATION_FORMAT = "dwarf-with-dsym";
				ENABLE_NS_ASSERTIONS = NO;
				ENABLE_STRICT_OBJC_MSGSEND = YES;
				GCC_C_LANGUAGE_STANDARD = gnu11;
				GCC_NO_COMMON_BLOCKS = YES;
				GCC_WARN_64_TO_32_BIT_CONVERSION = YES;
				GCC_WARN_ABOUT_RETURN_TYPE = YES_ERROR;
				GCC_WARN_UNDECLARED_SELECTOR = YES;
				GCC_WARN_UNINITIALIZED_AUTOS = YES_AGGRESSIVE;
				GCC_WARN_UNUSED_FUNCTION = YES;
				GCC_WARN_UNUSED_VARIABLE = YES;
				IPHONEOS_DEPLOYMENT_TARGET = 15.0;
				MTL_ENABLE_DEBUG_INFO = NO;
				MTL_FAST_MATH = YES;
				SDKROOT = iphoneos;
				SWIFT_COMPILATION_MODE = wholemodule;
				SWIFT_OPTIMIZATION_LEVEL = "-O";
				VALIDATE_PRODUCT = YES;
			};
			name = Release;
		};
		A1777EEC2751A6EC0023A20B /* Debug */ = {
			isa = XCBuildConfiguration;
			buildSettings = {
				ASSETCATALOG_COMPILER_APPICON_NAME = AppIcon;
				ASSETCATALOG_COMPILER_GLOBAL_ACCENT_COLOR_NAME = AccentColor;
				CODE_SIGN_STYLE = Automatic;
				CURRENT_PROJECT_VERSION = 1;
				DEVELOPMENT_TEAM = X849TB5KSP;
				GENERATE_INFOPLIST_FILE = YES;
				INFOPLIST_FILE = Followers/Info.plist;
				INFOPLIST_KEY_UIApplicationSupportsIndirectInputEvents = YES;
				INFOPLIST_KEY_UILaunchStoryboardName = LaunchScreen;
				INFOPLIST_KEY_UISupportedInterfaceOrientations = UIInterfaceOrientationPortrait;
				INFOPLIST_KEY_UISupportedInterfaceOrientations_iPad = "UIInterfaceOrientationPortrait UIInterfaceOrientationPortraitUpsideDown UIInterfaceOrientationLandscapeLeft UIInterfaceOrientationLandscapeRight";
				INFOPLIST_KEY_UISupportedInterfaceOrientations_iPhone = "UIInterfaceOrientationPortrait UIInterfaceOrientationLandscapeLeft UIInterfaceOrientationLandscapeRight";
				LD_RUNPATH_SEARCH_PATHS = (
					"$(inherited)",
					"@executable_path/Frameworks",
				);
				MARKETING_VERSION = 1.0;
				PRODUCT_BUNDLE_IDENTIFIER = uma.Followers;
				PRODUCT_NAME = "$(TARGET_NAME)";
				SWIFT_EMIT_LOC_STRINGS = YES;
				SWIFT_VERSION = 5.0;
				TARGETED_DEVICE_FAMILY = 1;
			};
			name = Debug;
		};
		A1777EED2751A6EC0023A20B /* Release */ = {
			isa = XCBuildConfiguration;
			buildSettings = {
				ASSETCATALOG_COMPILER_APPICON_NAME = AppIcon;
				ASSETCATALOG_COMPILER_GLOBAL_ACCENT_COLOR_NAME = AccentColor;
				CODE_SIGN_STYLE = Automatic;
				CURRENT_PROJECT_VERSION = 1;
				DEVELOPMENT_TEAM = X849TB5KSP;
				GENERATE_INFOPLIST_FILE = YES;
				INFOPLIST_FILE = Followers/Info.plist;
				INFOPLIST_KEY_UIApplicationSupportsIndirectInputEvents = YES;
				INFOPLIST_KEY_UILaunchStoryboardName = LaunchScreen;
				INFOPLIST_KEY_UISupportedInterfaceOrientations = UIInterfaceOrientationPortrait;
				INFOPLIST_KEY_UISupportedInterfaceOrientations_iPad = "UIInterfaceOrientationPortrait UIInterfaceOrientationPortraitUpsideDown UIInterfaceOrientationLandscapeLeft UIInterfaceOrientationLandscapeRight";
				INFOPLIST_KEY_UISupportedInterfaceOrientations_iPhone = "UIInterfaceOrientationPortrait UIInterfaceOrientationLandscapeLeft UIInterfaceOrientationLandscapeRight";
				LD_RUNPATH_SEARCH_PATHS = (
					"$(inherited)",
					"@executable_path/Frameworks",
				);
				MARKETING_VERSION = 1.0;
				PRODUCT_BUNDLE_IDENTIFIER = uma.Followers;
				PRODUCT_NAME = "$(TARGET_NAME)";
				SWIFT_EMIT_LOC_STRINGS = YES;
				SWIFT_VERSION = 5.0;
				TARGETED_DEVICE_FAMILY = 1;
			};
			name = Release;
		};
		A1777EEF2751A6EC0023A20B /* Debug */ = {
			isa = XCBuildConfiguration;
			buildSettings = {
				ALWAYS_EMBED_SWIFT_STANDARD_LIBRARIES = YES;
				BUNDLE_LOADER = "$(TEST_HOST)";
				CODE_SIGN_STYLE = Automatic;
				CURRENT_PROJECT_VERSION = 1;
				DEVELOPMENT_TEAM = X849TB5KSP;
				GENERATE_INFOPLIST_FILE = YES;
				IPHONEOS_DEPLOYMENT_TARGET = 15.0;
				LD_RUNPATH_SEARCH_PATHS = (
					"$(inherited)",
					"@executable_path/Frameworks",
					"@loader_path/Frameworks",
				);
				MARKETING_VERSION = 1.0;
				PRODUCT_BUNDLE_IDENTIFIER = uma.FollowersTests;
				PRODUCT_NAME = "$(TARGET_NAME)";
				SWIFT_EMIT_LOC_STRINGS = NO;
				SWIFT_VERSION = 5.0;
				TARGETED_DEVICE_FAMILY = "1,2";
				TEST_HOST = "$(BUILT_PRODUCTS_DIR)/Followers.app/Followers";
			};
			name = Debug;
		};
		A1777EF02751A6EC0023A20B /* Release */ = {
			isa = XCBuildConfiguration;
			buildSettings = {
				ALWAYS_EMBED_SWIFT_STANDARD_LIBRARIES = YES;
				BUNDLE_LOADER = "$(TEST_HOST)";
				CODE_SIGN_STYLE = Automatic;
				CURRENT_PROJECT_VERSION = 1;
				DEVELOPMENT_TEAM = X849TB5KSP;
				GENERATE_INFOPLIST_FILE = YES;
				IPHONEOS_DEPLOYMENT_TARGET = 15.0;
				LD_RUNPATH_SEARCH_PATHS = (
					"$(inherited)",
					"@executable_path/Frameworks",
					"@loader_path/Frameworks",
				);
				MARKETING_VERSION = 1.0;
				PRODUCT_BUNDLE_IDENTIFIER = uma.FollowersTests;
				PRODUCT_NAME = "$(TARGET_NAME)";
				SWIFT_EMIT_LOC_STRINGS = NO;
				SWIFT_VERSION = 5.0;
				TARGETED_DEVICE_FAMILY = "1,2";
				TEST_HOST = "$(BUILT_PRODUCTS_DIR)/Followers.app/Followers";
			};
			name = Release;
		};
		A1777EF22751A6EC0023A20B /* Debug */ = {
			isa = XCBuildConfiguration;
			buildSettings = {
				ALWAYS_EMBED_SWIFT_STANDARD_LIBRARIES = YES;
				CODE_SIGN_STYLE = Automatic;
				CURRENT_PROJECT_VERSION = 1;
				DEVELOPMENT_TEAM = X849TB5KSP;
				GENERATE_INFOPLIST_FILE = YES;
				LD_RUNPATH_SEARCH_PATHS = (
					"$(inherited)",
					"@executable_path/Frameworks",
					"@loader_path/Frameworks",
				);
				MARKETING_VERSION = 1.0;
				PRODUCT_BUNDLE_IDENTIFIER = uma.FollowersUITests;
				PRODUCT_NAME = "$(TARGET_NAME)";
				SWIFT_EMIT_LOC_STRINGS = NO;
				SWIFT_VERSION = 5.0;
				TARGETED_DEVICE_FAMILY = "1,2";
				TEST_TARGET_NAME = Followers;
			};
			name = Debug;
		};
		A1777EF32751A6EC0023A20B /* Release */ = {
			isa = XCBuildConfiguration;
			buildSettings = {
				ALWAYS_EMBED_SWIFT_STANDARD_LIBRARIES = YES;
				CODE_SIGN_STYLE = Automatic;
				CURRENT_PROJECT_VERSION = 1;
				DEVELOPMENT_TEAM = X849TB5KSP;
				GENERATE_INFOPLIST_FILE = YES;
				LD_RUNPATH_SEARCH_PATHS = (
					"$(inherited)",
					"@executable_path/Frameworks",
					"@loader_path/Frameworks",
				);
				MARKETING_VERSION = 1.0;
				PRODUCT_BUNDLE_IDENTIFIER = uma.FollowersUITests;
				PRODUCT_NAME = "$(TARGET_NAME)";
				SWIFT_EMIT_LOC_STRINGS = NO;
				SWIFT_VERSION = 5.0;
				TARGETED_DEVICE_FAMILY = "1,2";
				TEST_TARGET_NAME = Followers;
			};
			name = Release;
		};
/* End XCBuildConfiguration section */

/* Begin XCConfigurationList section */
		A1777EBC2751A6E90023A20B /* Build configuration list for PBXProject "Followers" */ = {
			isa = XCConfigurationList;
			buildConfigurations = (
				A1777EE92751A6EC0023A20B /* Debug */,
				A1777EEA2751A6EC0023A20B /* Release */,
			);
			defaultConfigurationIsVisible = 0;
			defaultConfigurationName = Release;
		};
		A1777EEB2751A6EC0023A20B /* Build configuration list for PBXNativeTarget "Followers" */ = {
			isa = XCConfigurationList;
			buildConfigurations = (
				A1777EEC2751A6EC0023A20B /* Debug */,
				A1777EED2751A6EC0023A20B /* Release */,
			);
			defaultConfigurationIsVisible = 0;
			defaultConfigurationName = Release;
		};
		A1777EEE2751A6EC0023A20B /* Build configuration list for PBXNativeTarget "FollowersTests" */ = {
			isa = XCConfigurationList;
			buildConfigurations = (
				A1777EEF2751A6EC0023A20B /* Debug */,
				A1777EF02751A6EC0023A20B /* Release */,
			);
			defaultConfigurationIsVisible = 0;
			defaultConfigurationName = Release;
		};
		A1777EF12751A6EC0023A20B /* Build configuration list for PBXNativeTarget "FollowersUITests" */ = {
			isa = XCConfigurationList;
			buildConfigurations = (
				A1777EF22751A6EC0023A20B /* Debug */,
				A1777EF32751A6EC0023A20B /* Release */,
			);
			defaultConfigurationIsVisible = 0;
			defaultConfigurationName = Release;
		};
/* End XCConfigurationList section */
	};
	rootObject = A1777EB92751A6E90023A20B /* Project object */;
}
